
Microsoft Visual Studio Solution File, Format Version 12.00
# Visual Studio Version 16
VisualStudioVersion = 16.0.29102.190
MinimumVisualStudioVersion = 10.0.40219.1
Project("{9A19103F-16F7-4668-BE54-9A1E7A4F7556}") = "com", "com\com.csproj", "{A0FA4233-CFA0-4E1D-B4EC-582A34822D89}"
EndProject
Project("{9A19103F-16F7-4668-BE54-9A1E7A4F7556}") = "utility", "Utility\utility.csproj", "{CA6C0AD5-ADB1-4FFC-9B27-6B4B8C4818AE}"
EndProject
Project("{9A19103F-16F7-4668-BE54-9A1E7A4F7556}") = "data", "data\data.csproj", "{F1B42FE1-39D6-4DF7-855D-4030398C0A88}"
EndProject
Project("{9A19103F-16F7-4668-BE54-9A1E7A4F7556}") = "scraper", "frysfood_category_scraper\scraper.csproj", "{946F5119-2DCA-48E7-829D-010C8FEBFB1D}"
	ProjectSection(ProjectDependencies) = postProject
		{A0FA4233-CFA0-4E1D-B4EC-582A34822D89} = {A0FA4233-CFA0-4E1D-B4EC-582A34822D89}
		{CA6C0AD5-ADB1-4FFC-9B27-6B4B8C4818AE} = {CA6C0AD5-ADB1-4FFC-9B27-6B4B8C4818AE}
		{F1B42FE1-39D6-4DF7-855D-4030398C0A88} = {F1B42FE1-39D6-4DF7-855D-4030398C0A88}
	EndProjectSection
EndProject
Project("{9A19103F-16F7-4668-BE54-9A1E7A4F7556}") = "retail", "retail\retail.csproj", "{AA5321BE-E83A-45A2-9E82-1FDB88D5F85E}"
	ProjectSection(ProjectDependencies) = postProject
		{CA6C0AD5-ADB1-4FFC-9B27-6B4B8C4818AE} = {CA6C0AD5-ADB1-4FFC-9B27-6B4B8C4818AE}
	EndProjectSection
EndProject
Project("{9A19103F-16F7-4668-BE54-9A1E7A4F7556}") = "MongoDB.Bson", "..\mongo-csharp-driver\src\MongoDB.Bson\MongoDB.Bson.csproj", "{3BF0CF84-896B-4E72-AAA5-A5E8C7AB6C95}"
EndProject
Project("{9A19103F-16F7-4668-BE54-9A1E7A4F7556}") = "MongoDB.Driver", "..\mongo-csharp-driver\src\MongoDB.Driver\MongoDB.Driver.csproj", "{7F008E27-081A-48D6-A769-EFA6237C8879}"
EndProject
Project("{9A19103F-16F7-4668-BE54-9A1E7A4F7556}") = "MongoDB.Driver.Core", "..\mongo-csharp-driver\src\MongoDB.Driver.Core\MongoDB.Driver.Core.csproj", "{96B167FA-70B3-4AE5-9DF9-B6A956B35533}"
EndProject
Project("{FAE04EC0-301F-11D3-BF4B-00C04F79EFBC}") = "AngleSharp", "D:\.com\remote\repos\AngleSharp\AngleSharp\AngleSharp.csproj", "{91F78C48-287E-41B5-9E49-44D6E1E31290}"
EndProject
Global
	GlobalSection(SolutionConfigurationPlatforms) = preSolution
		Debug|Any CPU = Debug|Any CPU
		Release|Any CPU = Release|Any CPU
	EndGlobalSection
	GlobalSection(ProjectConfigurationPlatforms) = postSolution
		{A0FA4233-CFA0-4E1D-B4EC-582A34822D89}.Debug|Any CPU.ActiveCfg = Debug|Any CPU
		{A0FA4233-CFA0-4E1D-B4EC-582A34822D89}.Debug|Any CPU.Build.0 = Debug|Any CPU
		{A0FA4233-CFA0-4E1D-B4EC-582A34822D89}.Release|Any CPU.ActiveCfg = Release|Any CPU
		{A0FA4233-CFA0-4E1D-B4EC-582A34822D89}.Release|Any CPU.Build.0 = Release|Any CPU
		{CA6C0AD5-ADB1-4FFC-9B27-6B4B8C4818AE}.Debug|Any CPU.ActiveCfg = Debug|Any CPU
		{CA6C0AD5-ADB1-4FFC-9B27-6B4B8C4818AE}.Debug|Any CPU.Build.0 = Debug|Any CPU
		{CA6C0AD5-ADB1-4FFC-9B27-6B4B8C4818AE}.Release|Any CPU.ActiveCfg = Release|Any CPU
		{CA6C0AD5-ADB1-4FFC-9B27-6B4B8C4818AE}.Release|Any CPU.Build.0 = Release|Any CPU
		{F1B42FE1-39D6-4DF7-855D-4030398C0A88}.Debug|Any CPU.ActiveCfg = Debug|Any CPU
		{F1B42FE1-39D6-4DF7-855D-4030398C0A88}.Debug|Any CPU.Build.0 = Debug|Any CPU
		{F1B42FE1-39D6-4DF7-855D-4030398C0A88}.Release|Any CPU.ActiveCfg = Release|Any CPU
		{F1B42FE1-39D6-4DF7-855D-4030398C0A88}.Release|Any CPU.Build.0 = Release|Any CPU
		{946F5119-2DCA-48E7-829D-010C8FEBFB1D}.Debug|Any CPU.ActiveCfg = Debug|Any CPU
		{946F5119-2DCA-48E7-829D-010C8FEBFB1D}.Debug|Any CPU.Build.0 = Debug|Any CPU
		{946F5119-2DCA-48E7-829D-010C8FEBFB1D}.Release|Any CPU.ActiveCfg = Release|Any CPU
		{946F5119-2DCA-48E7-829D-010C8FEBFB1D}.Release|Any CPU.Build.0 = Release|Any CPU
		{AA5321BE-E83A-45A2-9E82-1FDB88D5F85E}.Debug|Any CPU.ActiveCfg = Debug|Any CPU
		{AA5321BE-E83A-45A2-9E82-1FDB88D5F85E}.Debug|Any CPU.Build.0 = Debug|Any CPU
		{AA5321BE-E83A-45A2-9E82-1FDB88D5F85E}.Release|Any CPU.ActiveCfg = Release|Any CPU
		{AA5321BE-E83A-45A2-9E82-1FDB88D5F85E}.Release|Any CPU.Build.0 = Release|Any CPU
		{3BF0CF84-896B-4E72-AAA5-A5E8C7AB6C95}.Debug|Any CPU.ActiveCfg = Debug|Any CPU
		{3BF0CF84-896B-4E72-AAA5-A5E8C7AB6C95}.Debug|Any CPU.Build.0 = Debug|Any CPU
		{3BF0CF84-896B-4E72-AAA5-A5E8C7AB6C95}.Release|Any CPU.ActiveCfg = Release|Any CPU
		{3BF0CF84-896B-4E72-AAA5-A5E8C7AB6C95}.Release|Any CPU.Build.0 = Release|Any CPU
		{7F008E27-081A-48D6-A769-EFA6237C8879}.Debug|Any CPU.ActiveCfg = Debug|Any CPU
		{7F008E27-081A-48D6-A769-EFA6237C8879}.Debug|Any CPU.Build.0 = Debug|Any CPU
		{7F008E27-081A-48D6-A769-EFA6237C8879}.Release|Any CPU.ActiveCfg = Release|Any CPU
		{7F008E27-081A-48D6-A769-EFA6237C8879}.Release|Any CPU.Build.0 = Release|Any CPU
		{96B167FA-70B3-4AE5-9DF9-B6A956B35533}.Debug|Any CPU.ActiveCfg = Debug|Any CPU
		{96B167FA-70B3-4AE5-9DF9-B6A956B35533}.Debug|Any CPU.Build.0 = Debug|Any CPU
		{96B167FA-70B3-4AE5-9DF9-B6A956B35533}.Release|Any CPU.ActiveCfg = Release|Any CPU
		{96B167FA-70B3-4AE5-9DF9-B6A956B35533}.Release|Any CPU.Build.0 = Release|Any CPU
		{91F78C48-287E-41B5-9E49-44D6E1E31290}.Debug|Any CPU.ActiveCfg = Debug|Any CPU
		{91F78C48-287E-41B5-9E49-44D6E1E31290}.Debug|Any CPU.Build.0 = Debug|Any CPU
		{91F78C48-287E-41B5-9E49-44D6E1E31290}.Release|Any CPU.ActiveCfg = Release|Any CPU
		{91F78C48-287E-41B5-9E49-44D6E1E31290}.Release|Any CPU.Build.0 = Release|Any CPU
	EndGlobalSection
	GlobalSection(SolutionProperties) = preSolution
		HideSolutionNode = FALSE
	EndGlobalSection
	GlobalSection(ExtensibilityGlobals) = postSolution
		SolutionGuid = {3F479729-4E55-4496-9C1C-BA84B1E90635}
	EndGlobalSection
EndGlobal
